
Microsoft Visual Studio Solution File, Format Version 12.00
# Visual Studio Version 17
VisualStudioVersion = 17.5.33502.453
MinimumVisualStudioVersion = 10.0.40219.1
Project("{FAE04EC0-301F-11D3-BF4B-00C04F79EFBC}") = "MySuperBank", "MySuperBank.csproj", "{94827287-ACC9-4C6B-A30C-3C40C0505815}"
EndProject
Global
	GlobalSection(SolutionConfigurationPlatforms) = preSolution
		Debug|Any CPU = Debug|Any CPU
		Release|Any CPU = Release|Any CPU
	EndGlobalSection
	GlobalSection(ProjectConfigurationPlatforms) = postSolution
		{94827287-ACC9-4C6B-A30C-3C40C0505815}.Debug|Any CPU.ActiveCfg = Debug|Any CPU
		{94827287-ACC9-4C6B-A30C-3C40C0505815}.Debug|Any CPU.Build.0 = Debug|Any CPU
		{94827287-ACC9-4C6B-A30C-3C40C0505815}.Release|Any CPU.ActiveCfg = Release|Any CPU
		{94827287-ACC9-4C6B-A30C-3C40C0505815}.Release|Any CPU.Build.0 = Release|Any CPU
	EndGlobalSection
	GlobalSection(SolutionProperties) = preSolution
		HideSolutionNode = FALSE
	EndGlobalSection
	GlobalSection(ExtensibilityGlobals) = postSolution
		SolutionGuid = {01A7F4A8-3F93-4DB0-B2DE-9E45FDD28BAA}
	EndGlobalSection
EndGlobal
