
Microsoft Visual Studio Solution File, Format Version 12.00
# Visual Studio Version 17
VisualStudioVersion = 17.5.33502.453
MinimumVisualStudioVersion = 10.0.40219.1
Project("{9A19103F-16F7-4668-BE54-9A1E7A4F7556}") = "BatoBatoPick", "BatoBatoPick.csproj", "{20BCA2F6-48D6-4B25-90E5-50C16AE46C45}"
EndProject
Global
	GlobalSection(SolutionConfigurationPlatforms) = preSolution
		Debug|Any CPU = Debug|Any CPU
		Release|Any CPU = Release|Any CPU
	EndGlobalSection
	GlobalSection(ProjectConfigurationPlatforms) = postSolution
		{20BCA2F6-48D6-4B25-90E5-50C16AE46C45}.Debug|Any CPU.ActiveCfg = Debug|Any CPU
		{20BCA2F6-48D6-4B25-90E5-50C16AE46C45}.Debug|Any CPU.Build.0 = Debug|Any CPU
		{20BCA2F6-48D6-4B25-90E5-50C16AE46C45}.Release|Any CPU.ActiveCfg = Release|Any CPU
		{20BCA2F6-48D6-4B25-90E5-50C16AE46C45}.Release|Any CPU.Build.0 = Release|Any CPU
	EndGlobalSection
	GlobalSection(SolutionProperties) = preSolution
		HideSolutionNode = FALSE
	EndGlobalSection
	GlobalSection(ExtensibilityGlobals) = postSolution
		SolutionGuid = {25F5299D-AA81-4FBD-BA0C-0367C6E57A7B}
	EndGlobalSection
EndGlobal
