
Microsoft Visual Studio Solution File, Format Version 12.00
# Visual Studio Version 17
VisualStudioVersion = 17.5.33502.453
MinimumVisualStudioVersion = 10.0.40219.1
Project("{FAE04EC0-301F-11D3-BF4B-00C04F79EFBC}") = "Bin2Dec", "Bin2Dec.csproj", "{D04A0359-66B8-4B20-8E24-102275BA7129}"
EndProject
Global
	GlobalSection(SolutionConfigurationPlatforms) = preSolution
		Debug|Any CPU = Debug|Any CPU
		Release|Any CPU = Release|Any CPU
	EndGlobalSection
	GlobalSection(ProjectConfigurationPlatforms) = postSolution
		{D04A0359-66B8-4B20-8E24-102275BA7129}.Debug|Any CPU.ActiveCfg = Debug|Any CPU
		{D04A0359-66B8-4B20-8E24-102275BA7129}.Debug|Any CPU.Build.0 = Debug|Any CPU
		{D04A0359-66B8-4B20-8E24-102275BA7129}.Release|Any CPU.ActiveCfg = Release|Any CPU
		{D04A0359-66B8-4B20-8E24-102275BA7129}.Release|Any CPU.Build.0 = Release|Any CPU
	EndGlobalSection
	GlobalSection(SolutionProperties) = preSolution
		HideSolutionNode = FALSE
	EndGlobalSection
	GlobalSection(ExtensibilityGlobals) = postSolution
		SolutionGuid = {22C0FB74-128A-492F-B566-8A048A1F1921}
	EndGlobalSection
EndGlobal
